{
  "lockfileVersion": 2,
  "configVersion": 0,
  "workspaces": {
    "": {
      "name": "teldrive-backend-contract",
      "devDependencies": {
        "@typespec/compiler": "1.17.0",
        "@typespec/http": "1.17.0",
        "@typespec/openapi": "1.17.0",
        "@typespec/openapi3": "1.17.0",
        "teldrive-ogen-openapi3": "file:./ogen-openapi3",
        "yaml": "2.9.1",
      },
    },
  },
  "packages": {
    "@babel/code-frame": ["@babel/code-frame@8.0.6", "https://registry.npmmirror.com/@babel/code-frame/-/code-frame-8.0.6.tgz", { "dependencies": { "@babel/helper-validator-identifier": "^8.0.6", "js-tokens": "^10.0.0" } }, "sha512-uMHhvmDmwFiLuiozaoRYTZHqMFuu3fem/X9JY78lohAuLoh8LSGGC8JqUzo2cVuBsBxkjMZNk56CE7ock8Xxkw=="],

    "@babel/helper-validator-identifier": ["@babel/helper-validator-identifier@8.0.6", "https://registry.npmmirror.com/@babel/helper-validator-identifier/-/helper-validator-identifier-8.0.6.tgz", {}, "sha512-HYx0YmuchRxRSpnjvcNffnPS8DCauKNmnumIuHG3jnQAVewRA7kfJGwF13ayEpSZs7s4R/oBH4eppuXcAQd5JQ=="],

    "@inquirer/ansi": ["@inquirer/ansi@2.0.9", "https://registry.npmmirror.com/@inquirer/ansi/-/ansi-2.0.9.tgz", {}, "sha512-0Ywt3S8tqM6TWUcsRlBFQ1x+X3/o8kktX0ZiKAnByYb9GFDknnOhse1PVtfiD2BXPI8ar+BWx9PV9R0lQIcygw=="],

    "@inquirer/checkbox": ["@inquirer/checkbox@5.2.6", "https://registry.npmmirror.com/@inquirer/checkbox/-/checkbox-5.2.6.tgz", { "dependencies": { "@inquirer/ansi": "^2.0.9", "@inquirer/core": "^12.0.4", "@inquirer/figures": "^2.0.9", "@inquirer/type": "4.2.0" }, "peerDependencies": { "@types/node": ">=18" }, "optionalPeers": ["@types/node"] }, "sha512-XkOardciF3tow2NUlY6/Qjk1QqYa+6WpmVLTpxXl97Uv4erczDEZ+xg1j6LqBf0ekcRSUiICQA4nQXHHkVKQ9w=="],

    "@inquirer/confirm": ["@inquirer/confirm@6.3.3", "https://registry.npmmirror.com/@inquirer/confirm/-/confirm-6.3.3.tgz", { "dependencies": { "@inquirer/core": "^12.0.4", "@inquirer/type": "4.2.0" }, "peerDependencies": { "@types/node": ">=18" }, "optionalPeers": ["@types/node"] }, "sha512-ImOBgpl/sJTFp8naeSkNu4S0Sf8F8pxv3/CUx+LoBAdQvCVqFz6rSB2A/oZYsJge3+yphbEDxEkfaRNYq1OU0A=="],

    "@inquirer/core": ["@inquirer/core@12.0.4", "https://registry.npmmirror.com/@inquirer/core/-/core-12.0.4.tgz", { "dependencies": { "@inquirer/ansi": "^2.0.9", "@inquirer/figures": "^2.0.9", "@inquirer/type": "4.2.0", "cli-width": "^4.1.0", "fast-wrap-ansi": "^0.2.0", "mute-stream": "^3.0.0", "signal-exit": "^4.1.0" }, "peerDependencies": { "@types/node": ">=18" }, "optionalPeers": ["@types/node"] }, "sha512-M5fB67y7jPObI45vhD82RskWwCSm0scOvenV/I6K8tIi2gfr9DXqQqJ+iw+Wi6SgapikdOiJibYzz1gW47fsDg=="],

    "@inquirer/figures": ["@inquirer/figures@2.0.9", "https://registry.npmmirror.com/@inquirer/figures/-/figures-2.0.9.tgz", {}, "sha512-EAWgUTGQ/Umgga51dE3B2PUHbufuXarDfg86uVgoSgNHNNQnyFKcOrQLWVqYMghuSyHh8+2HUH0Js9cTC1WAdg=="],

    "@inquirer/input": ["@inquirer/input@5.1.7", "https://registry.npmmirror.com/@inquirer/input/-/input-5.1.7.tgz", { "dependencies": { "@inquirer/core": "^12.0.4", "@inquirer/type": "4.2.0" }, "peerDependencies": { "@types/node": ">=18" }, "optionalPeers": ["@types/node"] }, "sha512-Icrs9tuMBCxGI+lFYNO71VFOnqGO8IIrLIGqnTGh07X8jZ2la9QLAYxXcikHZQjjVhIZUtU2xyH89DVN/pPhVg=="],

    "@inquirer/select": ["@inquirer/select@5.2.6", "https://registry.npmmirror.com/@inquirer/select/-/select-5.2.6.tgz", { "dependencies": { "@inquirer/ansi": "^2.0.9", "@inquirer/core": "^12.0.4", "@inquirer/figures": "^2.0.9", "@inquirer/type": "4.2.0" }, "peerDependencies": { "@types/node": ">=18" }, "optionalPeers": ["@types/node"] }, "sha512-jFu7CFghlr0vpi/326a4wz6BGkJH9X3H/iIu+ahyV2Ja52ktqQE3fC9BYP47JKeSPQYGUv5xquE2Vp9PbepZ3g=="],

    "@inquirer/type": ["@inquirer/type@4.2.0", "https://registry.npmmirror.com/@inquirer/type/-/type-4.2.0.tgz", { "peerDependencies": { "@types/node": ">=18" }, "optionalPeers": ["@types/node"] }, "sha512-2rnHX8RPo4glJYqnFc/v3nQeIhDcjyRRyaT7MGcfL/8xv/8K03SXYoA2tX06WVSKywWOE/ncbG3dtuzLjR5TCQ=="],

    "@isaacs/fs-minipass": ["@isaacs/fs-minipass@4.0.1", "https://registry.npmmirror.com/@isaacs/fs-minipass/-/fs-minipass-4.0.1.tgz", { "dependencies": { "minipass": "^7.0.4" } }, "sha512-wgm9Ehl2jpeqP3zw/7mo3kRHFp5MEDhqAdwy1fTGkHAwnkGOVsgpvQhL8B5n1qlb01jV3n/bI0ZfZp5lWA1k4w=="],

    "@scalar/helpers": ["@scalar/helpers@0.12.0", "https://registry.npmmirror.com/@scalar/helpers/-/helpers-0.12.0.tgz", {}, "sha512-rcX0rFLiWWc0VBr/E+HkatubL0I0ZzxASQkd3032NWEMAEfNd2TiJ9kH46HwbSAOOl696ghxymWegjpjjvxwzA=="],

    "@scalar/json-magic": ["@scalar/json-magic@0.13.5", "https://registry.npmmirror.com/@scalar/json-magic/-/json-magic-0.13.5.tgz", { "dependencies": { "@scalar/helpers": "0.12.0", "pathe": "^2.0.3", "undici": "7.24.4", "yaml": "^2.9.0" } }, "sha512-w5eENfKAkc4CYiLva3nGUhTaJfyi3szmZ3E7+EHlzahOUnbDmB9rAWyzt8GFCXbwxeTuR+1m7lO1PyV/QAid4A=="],

    "@scalar/json-schema-validator": ["@scalar/json-schema-validator@0.1.11", "https://registry.npmmirror.com/@scalar/json-schema-validator/-/json-schema-validator-0.1.11.tgz", { "dependencies": { "@scalar/helpers": "0.16.2", "@scalar/types": "0.23.1", "ajv": "^8.20.0", "ajv-draft-04": "^1.0.0", "ajv-formats": "^3.0.1", "yaml": "^2.9.0" } }, "sha512-FypuPVngLTO/E5OjhOD2OgjigfjTV35oy3/VBHRz6p5ObwLL5Z3/AYCpNg0dpaNkDFqBd7qAsqS93X87q3fibw=="],

    "@scalar/openapi-parser": ["@scalar/openapi-parser@0.29.12", "https://registry.npmmirror.com/@scalar/openapi-parser/-/openapi-parser-0.29.12.tgz", { "dependencies": { "@scalar/helpers": "0.16.2", "@scalar/json-magic": "0.15.6", "@scalar/openapi-types": "0.9.7", "@scalar/openapi-upgrader": "0.4.3", "@scalar/openapi-validator": "0.1.11", "@scalar/types": "0.23.1", "yaml": "^2.9.0" } }, "sha512-VxSg9mrhHA+Tq0Z6DBOvNDQ0m30kpw/hevHfBxXFEINwzz3qrleGm6DaBvdNl5RBtKMC/GGcRUZKSsJrQHgEXA=="],

    "@scalar/openapi-types": ["@scalar/openapi-types@0.9.7", "https://registry.npmmirror.com/@scalar/openapi-types/-/openapi-types-0.9.7.tgz", {}, "sha512-UVSgxRxcTaIbTZGtNRdQJHZC60uyYi29zfDqQVp0lxx07BNczIHbf9jycgI/+W3Uxxod+yUUt7hzxnKllOHE0w=="],

    "@scalar/openapi-upgrader": ["@scalar/openapi-upgrader@0.4.3", "https://registry.npmmirror.com/@scalar/openapi-upgrader/-/openapi-upgrader-0.4.3.tgz", { "dependencies": { "@scalar/helpers": "0.16.2", "@scalar/openapi-types": "0.9.7" } }, "sha512-EaFh3mtJweVhlXGEae+lpGdX0daHAce/hgRg0Vg+HtQkZ45oujHY7+lqLNRFKDw90gJZyzfOukOjTZTcYp5t0w=="],

    "@scalar/openapi-validator": ["@scalar/openapi-validator@0.1.11", "https://registry.npmmirror.com/@scalar/openapi-validator/-/openapi-validator-0.1.11.tgz", { "dependencies": { "@scalar/helpers": "0.16.2", "@scalar/json-schema-validator": "0.1.11", "@scalar/types": "0.23.1", "yaml": "^2.9.0" } }, "sha512-xqdSNIOBqG67+Pde0WQv3QZ0cCr3kmNu7lfp1UzOVV34RtN0AW8F1oFQSITe73EbOMcAGIpe15ekrFvhRrCvcA=="],

    "@scalar/types": ["@scalar/types@0.19.0", "https://registry.npmmirror.com/@scalar/types/-/types-0.19.0.tgz", { "dependencies": { "@scalar/helpers": "0.11.3", "nanoid": "^5.1.6", "type-fest": "^5.8.0", "zod": "^4.4.3" } }, "sha512-EKeoWgUlP+uepbM/zEHKbsdpBNyOmSrw6DdU/WC0p53gz5uRzI7d/IEecIP9SQMUkResPR9DmWeWfFQftG7vqg=="],

    "@typespec/asset-emitter": ["@typespec/asset-emitter@0.79.3", "https://registry.npmmirror.com/@typespec/asset-emitter/-/asset-emitter-0.79.3.tgz", { "peerDependencies": { "@typespec/compiler": "^1.17.0" } }, "sha512-mqEcgz4wSLe+Y8epvOTJnoOar/ePLSA/xirIaCSPVUvdbZo+fKvPfnKNiPvwtSuhEYlDPewva3PLTPtOTe6GXA=="],

    "@typespec/compiler": ["@typespec/compiler@1.17.0", "https://registry.npmmirror.com/@typespec/compiler/-/compiler-1.17.0.tgz", { "dependencies": { "@babel/code-frame": "^8.0.0", "@inquirer/checkbox": "^5.2.2", "@inquirer/confirm": "^6.2.0", "@inquirer/input": "^5.1.3", "@inquirer/select": "^5.2.2", "ajv": "^8.20.0", "change-case": "^5.4.4", "env-paths": "^4.0.0", "is-unicode-supported": "^2.1.0", "mustache": "^4.2.0", "picocolors": "^1.1.1", "prettier": "^3.9.6", "semver": "^7.8.5", "tar": "^7.5.22", "temporal-polyfill": "^1.0.4", "vscode-languageserver": "^10.1.0", "vscode-languageserver-textdocument": "^1.0.13", "yaml": "^2.9.0", "yargs": "^18.1.0" }, "bin": { "tsp": "cmd/tsp.js", "tsp-server": "cmd/tsp-server.js" } }, "sha512-Prj9o2bjoWNS9wJ6sUk532jGm8h2AtpQ/lCFH6dhcywiP7UTj9cJtNlDAHptAS9Irh3YJM2g5D4/7S/u/vcG8Q=="],

    "@typespec/http": ["@typespec/http@1.17.0", "https://registry.npmmirror.com/@typespec/http/-/http-1.17.0.tgz", { "peerDependencies": { "@typespec/compiler": "^1.17.0", "@typespec/streams": "^0.87.0" }, "optionalPeers": ["@typespec/streams"] }, "sha512-XLwL+NvkQ4hWhnIwZms2CNoxCULFt/jMa+QGaKg4hDwPFLvrXsUm7JWPHi1QOcwzGFG8Z1NglqRPzKl2der2ww=="],

    "@typespec/openapi": ["@typespec/openapi@1.17.0", "https://registry.npmmirror.com/@typespec/openapi/-/openapi-1.17.0.tgz", { "peerDependencies": { "@typespec/compiler": "^1.17.0", "@typespec/http": "^1.17.0" } }, "sha512-0ScXsaovyFZWJv0nnokGI25vK5nRvJ8KfxiKokyXyQrwzK51eb61P/yZr/cZDGjk/w/qKHz2Vz1OvVC4ztdQdA=="],

    "@typespec/openapi3": ["@typespec/openapi3@1.17.0", "https://registry.npmmirror.com/@typespec/openapi3/-/openapi3-1.17.0.tgz", { "dependencies": { "@scalar/json-magic": "^0.13.2", "@scalar/openapi-parser": "^0.29.1", "@scalar/openapi-types": "^0.9.5", "@scalar/types": "^0.19.0", "@typespec/asset-emitter": "^0.79.3", "yaml": "^2.9.0" }, "peerDependencies": { "@typespec/compiler": "^1.17.0", "@typespec/events": "^0.87.0", "@typespec/http": "^1.17.0", "@typespec/json-schema": "^1.17.0", "@typespec/openapi": "^1.17.0", "@typespec/sse": "^0.87.0", "@typespec/streams": "^0.87.0", "@typespec/versioning": "^0.87.0", "@typespec/xml": "*" }, "optionalPeers": ["@typespec/events", "@typespec/json-schema", "@typespec/sse", "@typespec/streams", "@typespec/versioning", "@typespec/xml"], "bin": { "tsp-openapi3": "cmd/tsp-openapi3.js" } }, "sha512-BC5zSemNfyFWIgJOj0TrwVA3KULIvCmlrDhqESMbzmN4h3byhXR/PENxPP4TlPKfu3M1KE44esnxSDQ5Py3WnA=="],

    "ajv": ["ajv@8.20.0", "https://registry.npmmirror.com/ajv/-/ajv-8.20.0.tgz", { "dependencies": { "fast-deep-equal": "^3.1.3", "fast-uri": "^3.0.1", "json-schema-traverse": "^1.0.0", "require-from-string": "^2.0.2" } }, "sha512-Thbli+OlOj+iMPYFBVBfJ3OmCAnaSyNn4M1vz9T6Gka5Jt9ba/HIR56joy65tY6kx/FCF5VXNB819Y7/GUrBGA=="],

    "ajv-draft-04": ["ajv-draft-04@1.0.0", "https://registry.npmmirror.com/ajv-draft-04/-/ajv-draft-04-1.0.0.tgz", { "peerDependencies": { "ajv": "^8.5.0" }, "optionalPeers": ["ajv"] }, "sha512-mv00Te6nmYbRp5DCwclxtt7yV/joXJPGS7nM+97GdxvuttCOfgI3K4U25zboyeX0O+myI8ERluxQe5wljMmVIw=="],

    "ajv-formats": ["ajv-formats@3.0.1", "https://registry.npmmirror.com/ajv-formats/-/ajv-formats-3.0.1.tgz", { "dependencies": { "ajv": "^8.0.0" } }, "sha512-8iUql50EUR+uUcdRQ3HDqa6EVyo3docL8g5WJ3FNcWmu62IbkGUue/pEyLBW8VGKKucTPgqeks4fIU1DA4yowQ=="],

    "ansi-regex": ["ansi-regex@6.2.2", "https://registry.npmmirror.com/ansi-regex/-/ansi-regex-6.2.2.tgz", {}, "sha512-Bq3SmSpyFHaWjPk8If9yc6svM8c56dB5BAtW4Qbw5jHTwwXXcTLoRMkpDJp6VL0XzlWaCHTXrkFURMYmD0sLqg=="],

    "ansi-styles": ["ansi-styles@6.2.3", "https://registry.npmmirror.com/ansi-styles/-/ansi-styles-6.2.3.tgz", {}, "sha512-4Dj6M28JB+oAH8kFkTLUo+a2jwOFkuqb3yucU0CANcRRUbxS0cP0nZYCGjcc3BNXwRIsUVmDGgzawme7zvJHvg=="],

    "change-case": ["change-case@5.4.4", "https://registry.npmmirror.com/change-case/-/change-case-5.4.4.tgz", {}, "sha512-HRQyTk2/YPEkt9TnUPbOpr64Uw3KOicFWPVBb+xiHvd6eBx/qPr9xqfBFDT8P2vWsvvz4jbEkfDe71W3VyNu2w=="],

    "chownr": ["chownr@3.0.0", "https://registry.npmmirror.com/chownr/-/chownr-3.0.0.tgz", {}, "sha512-+IxzY9BZOQd/XuYPRmrvEVjF/nqj5kgT4kEq7VofrDoM1MxoRjEWkrCC3EtLi59TVawxTAn+orJwFQcrqEN1+g=="],

    "cli-width": ["cli-width@4.1.0", "https://registry.npmmirror.com/cli-width/-/cli-width-4.1.0.tgz", {}, "sha512-ouuZd4/dm2Sw5Gmqy6bGyNNNe1qt9RpmxveLSO7KcgsTnU7RXfsw+/bukWGo1abgBiMAic068rclZsO4IWmmxQ=="],

    "cliui": ["cliui@9.0.1", "https://registry.npmmirror.com/cliui/-/cliui-9.0.1.tgz", { "dependencies": { "string-width": "^7.2.0", "strip-ansi": "^7.1.0", "wrap-ansi": "^9.0.0" } }, "sha512-k7ndgKhwoQveBL+/1tqGJYNz097I7WOvwbmmU2AR5+magtbjPWQTS1C5vzGkBC8Ym8UWRzfKUzUUqFLypY4Q+w=="],

    "emoji-regex": ["emoji-regex@10.6.0", "https://registry.npmmirror.com/emoji-regex/-/emoji-regex-10.6.0.tgz", {}, "sha512-toUI84YS5YmxW219erniWD0CIVOo46xGKColeNQRgOzDorgBi1v4D71/OFzgD9GO2UGKIv1C3Sp8DAn0+j5w7A=="],

    "env-paths": ["env-paths@4.0.0", "https://registry.npmmirror.com/env-paths/-/env-paths-4.0.0.tgz", { "dependencies": { "is-safe-filename": "^0.1.0" } }, "sha512-pxP8eL2SwwaTRi/KHYwLYXinDs7gL3jxFcBYmEdYfZmZXbaVDvdppd0XBU8qVz03rDfKZMXg1omHCbsJjZrMsw=="],

    "escalade": ["escalade@3.2.0", "https://registry.npmmirror.com/escalade/-/escalade-3.2.0.tgz", {}, "sha512-WUj2qlxaQtO4g6Pq5c29GTcWGDyd8itL8zTlipgECz3JesAiiOKotd8JU6otB3PACgG6xkJUyVhboMS+bje/jA=="],

    "fast-deep-equal": ["fast-deep-equal@3.1.3", "https://registry.npmmirror.com/fast-deep-equal/-/fast-deep-equal-3.1.3.tgz", {}, "sha512-f3qQ9oQy9j2AhBe/H9VC91wLmKBCCU/gDOnKNAYG5hswO7BLKj09Hc5HYNz9cGI++xlpDCIgDaitVs03ATR84Q=="],

    "fast-string-truncated-width": ["fast-string-truncated-width@3.0.3", "https://registry.npmmirror.com/fast-string-truncated-width/-/fast-string-truncated-width-3.0.3.tgz", {}, "sha512-0jjjIEL6+0jag3l2XWWizO64/aZVtpiGE3t0Zgqxv0DPuxiMjvB3M24fCyhZUO4KomJQPj3LTSUnDP3GpdwC0g=="],

    "fast-string-width": ["fast-string-width@3.0.2", "https://registry.npmmirror.com/fast-string-width/-/fast-string-width-3.0.2.tgz", { "dependencies": { "fast-string-truncated-width": "^3.0.2" } }, "sha512-gX8LrtNEI5hq8DVUfRQMbr5lpaS4nMIWV+7XEbXk2b8kiQIizgnlr12B4dA3ZEx3308ze0O4Q1R+cHts8kyUJg=="],

    "fast-uri": ["fast-uri@3.1.3", "https://registry.npmmirror.com/fast-uri/-/fast-uri-3.1.3.tgz", {}, "sha512-i70LwGWUduXqzicKXWshooq+sWL1K3WUU5rKZNG/0i3a1OSoX3HqhH5WbWwTmqWfor4urUakGPiRQcleRZTwOg=="],

    "fast-wrap-ansi": ["fast-wrap-ansi@0.2.2", "https://registry.npmmirror.com/fast-wrap-ansi/-/fast-wrap-ansi-0.2.2.tgz", { "dependencies": { "fast-string-width": "^3.0.2" } }, "sha512-7F2Fl+TjRSenLqlU3UjSH0iyqopqoZIu7eZVpEirP2g1GtWa2G/ecEmBdgz31+Mxr+ELclgg6sokpSFIQiZ02Q=="],

    "get-caller-file": ["get-caller-file@2.0.5", "https://registry.npmmirror.com/get-caller-file/-/get-caller-file-2.0.5.tgz", {}, "sha512-DyFP3BM/3YHTQOCUL/w0OZHR0lpKeGrxotcHWcqNEdnltqFwXVfhEBQ94eIo34AfQpo0rGki4cyIiftY06h2Fg=="],

    "get-east-asian-width": ["get-east-asian-width@1.6.0", "https://registry.npmmirror.com/get-east-asian-width/-/get-east-asian-width-1.6.0.tgz", {}, "sha512-QRbvDIbx6YklUe6RxeTeleMR0yv3cYH6PsPZHcnVn7xv7zO1BHN8r0XETu8n6Ye3Q+ahtSarc3WgtNWmehIBfA=="],

    "is-safe-filename": ["is-safe-filename@0.1.1", "https://registry.npmmirror.com/is-safe-filename/-/is-safe-filename-0.1.1.tgz", {}, "sha512-4SrR7AdnY11LHfDKTZY1u6Ga3RuxZdl3YKWWShO5iyuG5h8QS4GD2tOb04peBJ5I7pXbR+CGBNEhTcwK+FzN3g=="],

    "is-unicode-supported": ["is-unicode-supported@2.1.0", "https://registry.npmmirror.com/is-unicode-supported/-/is-unicode-supported-2.1.0.tgz", {}, "sha512-mE00Gnza5EEB3Ds0HfMyllZzbBrmLOX3vfWoj9A9PEnTfratQ/BcaJOuMhnkhjXvb2+FkY3VuHqtAGpTPmglFQ=="],

    "js-tokens": ["js-tokens@10.0.0", "https://registry.npmmirror.com/js-tokens/-/js-tokens-10.0.0.tgz", {}, "sha512-lM/UBzQmfJRo9ABXbPWemivdCW8V2G8FHaHdypQaIy523snUjog0W71ayWXTjiR+ixeMyVHN2XcpnTd/liPg/Q=="],

    "json-schema-traverse": ["json-schema-traverse@1.0.0", "https://registry.npmmirror.com/json-schema-traverse/-/json-schema-traverse-1.0.0.tgz", {}, "sha512-NM8/P9n3XjXhIZn1lLhkFaACTOURQXjWhV4BA/RnOv8xvgqtqpAX9IO4mRQxSx1Rlo4tqzeqb0sOlruaOy3dug=="],

    "minipass": ["minipass@7.1.3", "https://registry.npmmirror.com/minipass/-/minipass-7.1.3.tgz", {}, "sha512-tEBHqDnIoM/1rXME1zgka9g6Q2lcoCkxHLuc7ODJ5BxbP5d4c2Z5cGgtXAku59200Cx7diuHTOYfSBD8n6mm8A=="],

    "minizlib": ["minizlib@3.1.0", "https://registry.npmmirror.com/minizlib/-/minizlib-3.1.0.tgz", { "dependencies": { "minipass": "^7.1.2" } }, "sha512-KZxYo1BUkWD2TVFLr0MQoM8vUUigWD3LlD83a/75BqC+4qE0Hb1Vo5v1FgcfaNXvfXzr+5EhQ6ing/CaBijTlw=="],

    "mustache": ["mustache@4.2.0", "https://registry.npmmirror.com/mustache/-/mustache-4.2.0.tgz", { "bin": "bin/mustache" }, "sha512-71ippSywq5Yb7/tVYyGbkBggbU8H3u5Rz56fH60jGFgr8uHwxs+aSKeqmluIVzM0m0kB7xQjKS6qPfd0b2ZoqQ=="],

    "mute-stream": ["mute-stream@3.0.0", "https://registry.npmmirror.com/mute-stream/-/mute-stream-3.0.0.tgz", {}, "sha512-dkEJPVvun4FryqBmZ5KhDo0K9iDXAwn08tMLDinNdRBNPcYEDiWYysLcc6k3mjTMlbP9KyylvRpd4wFtwrT9rw=="],

    "nanoid": ["nanoid@5.1.16", "https://registry.npmmirror.com/nanoid/-/nanoid-5.1.16.tgz", { "bin": { "nanoid": "bin/nanoid.js" } }, "sha512-kVrnsrJqMR8+oLJnGEmSWw9BivK5mt7H3FZatVRjrc5wGqFYuBxX1yG7+A7Gi5AefkX6t/oCkizcQgpu0cY1dQ=="],

    "pathe": ["pathe@2.0.3", "https://registry.npmmirror.com/pathe/-/pathe-2.0.3.tgz", {}, "sha512-WUjGcAqP1gQacoQe+OBJsFA7Ld4DyXuUIjZ5cc75cLHvJ7dtNsTugphxIADwspS+AraAUePCKrSVtPLFj/F88w=="],

    "picocolors": ["picocolors@1.1.1", "https://registry.npmmirror.com/picocolors/-/picocolors-1.1.1.tgz", {}, "sha512-xceH2snhtb5M9liqDsmEw56le376mTZkEX/jEb/RxNFyegNul7eNslCXP9FDj/Lcu0X8KEyMceP2ntpaHrDEVA=="],

    "prettier": ["prettier@3.9.9", "https://registry.npmmirror.com/prettier/-/prettier-3.9.9.tgz", { "bin": { "prettier": "bin/prettier.cjs" } }, "sha512-Z/CJHIkdujO/OtN7nXUii0Rf3VT5SRuhjBA82Xvu2XhBUgX3nhP67T0LHceBdQLex7OOFGTox+Q5Yg8Jk2Qivg=="],

    "require-from-string": ["require-from-string@2.0.2", "https://registry.npmmirror.com/require-from-string/-/require-from-string-2.0.2.tgz", {}, "sha512-Xf0nWe6RseziFMu+Ap9biiUbmplq6S9/p+7w7YXP/JBHhrUDDUhwa+vANyubuqfZWTveU//DYVGsDG7RKL/vEw=="],

    "semver": ["semver@7.8.5", "https://registry.npmmirror.com/semver/-/semver-7.8.5.tgz", { "bin": "bin/semver.js" }, "sha512-Y7/KDsb8LjooZpwaqGyulO6DQlksgCncchHGk+sZIY4SBvUocMBEFH5Ur1fI4dV+Jvl0w6cjvucaIi40puRioA=="],

    "signal-exit": ["signal-exit@4.1.0", "https://registry.npmmirror.com/signal-exit/-/signal-exit-4.1.0.tgz", {}, "sha512-bzyZ1e88w9O1iNJbKnOlvYTrWPDl46O1bG0D3XInv+9tkPrxrN8jUUTiFlDkkmKWgn1M6CfIA13SuGqOa9Korw=="],

    "string-width": ["string-width@8.3.0", "https://registry.npmmirror.com/string-width/-/string-width-8.3.0.tgz", { "dependencies": { "get-east-asian-width": "^1.5.0", "strip-ansi": "^7.1.2" } }, "sha512-ZbmZM0JCihQN91dWnxoipT2KOEyHqEyfRXUyjuRhW8b/xnqPDoq4gWEVApTVa9db2wN8mmoikgFBbjh71+cGeQ=="],

    "strip-ansi": ["strip-ansi@7.2.0", "https://registry.npmmirror.com/strip-ansi/-/strip-ansi-7.2.0.tgz", { "dependencies": { "ansi-regex": "^6.2.2" } }, "sha512-yDPMNjp4WyfYBkHnjIRLfca1i6KMyGCtsVgoKe/z1+6vukgaENdgGBZt+ZmKPc4gavvEZ5OgHfHdrazhgNyG7w=="],

    "tagged-tag": ["tagged-tag@1.0.0", "https://registry.npmmirror.com/tagged-tag/-/tagged-tag-1.0.0.tgz", {}, "sha512-yEFYrVhod+hdNyx7g5Bnkkb0G6si8HJurOoOEgC8B/O0uXLHlaey/65KRv6cuWBNhBgHKAROVpc7QyYqE5gFng=="],

    "tar": ["tar@7.5.22", "https://registry.npmmirror.com/tar/-/tar-7.5.22.tgz", { "dependencies": { "@isaacs/fs-minipass": "^4.0.0", "chownr": "^3.0.0", "minipass": "^7.1.2", "minizlib": "^3.1.0", "yallist": "^5.0.0" } }, "sha512-MFO/QzvtAOmJbkhOaCTvbGcFN9L9b+JunIsDwaKljSOdcLMea3NJ1k9Usz/rjdfSXTq4dfzfeS7W4p4YOAAHeA=="],

    "teldrive-ogen-openapi3": ["teldrive-ogen-openapi3@file:ogen-openapi3", { "peerDependencies": { "@typespec/compiler": "1.13.0", "@typespec/openapi3": "1.13.0", "yaml": "2.9.0" } }],

    "temporal-polyfill": ["temporal-polyfill@1.0.5", "https://registry.npmmirror.com/temporal-polyfill/-/temporal-polyfill-1.0.5.tgz", { "dependencies": { "temporal-spec": "1.0.1", "temporal-utils": "1.0.3" } }, "sha512-+H/mmY74i6wXCMcjIhGuSnODcyZnc4eois2myhOyX0UqRAKNXQY5m9iB1en5jQ/n4SXtjLXo1ElBI5bmn8tZwQ=="],

    "temporal-spec": ["temporal-spec@1.0.1", "https://registry.npmmirror.com/temporal-spec/-/temporal-spec-1.0.1.tgz", {}, "sha512-wxVoanmDeavXie1vu2JaQ3WIc3JZnWAOYFBsJyATaVsXsycKYUflGsyBmrRSnoCpZJpwPyr38VpgSUlQ8CbFxg=="],

    "temporal-utils": ["temporal-utils@1.0.3", "https://registry.npmmirror.com/temporal-utils/-/temporal-utils-1.0.3.tgz", {}, "sha512-9jbTSX3HvkOWvDpNpFzwX/d1mkCrgQgwLmVTOEiuocZGKHsrQJtttGZFmybJ2zYP5zCSZuU5ZyeS8+eOEPABiQ=="],

    "type-fest": ["type-fest@5.10.0", "https://registry.npmmirror.com/type-fest/-/type-fest-5.10.0.tgz", { "dependencies": { "tagged-tag": "^1.0.0" } }, "sha512-NoSdpq/WEiAg5sjmBkmV/hfxv6HJH4NqPNrqjtSO5CwRmpsDfaf4begxW34KdJykH/l1yHtwBWQkCRdoXO8mPA=="],

    "undici": ["undici@7.24.4", "https://registry.npmmirror.com/undici/-/undici-7.24.4.tgz", {}, "sha512-BM/JzwwaRXxrLdElV2Uo6cTLEjhSb3WXboncJamZ15NgUURmvlXvxa6xkwIOILIjPNo9i8ku136ZvWV0Uly8+w=="],

    "vscode-jsonrpc": ["vscode-jsonrpc@9.0.3", "https://registry.npmmirror.com/vscode-jsonrpc/-/vscode-jsonrpc-9.0.3.tgz", {}, "sha512-qETYf9PCl1lVfwR+oBmMfc4vP2nqLNA35ABxorw3j06+xlKRgDVxbLgKm4Y/xPL0YWdeDjLoI4ImICIT3nB0zQ=="],

    "vscode-languageserver": ["vscode-languageserver@10.1.2", "https://registry.npmmirror.com/vscode-languageserver/-/vscode-languageserver-10.1.2.tgz", { "dependencies": { "vscode-languageserver-protocol": "3.18.4" }, "bin": { "installServerIntoExtension": "bin/installServerIntoExtension" } }, "sha512-pXPWde3RytdeBVEs6PulOOT5OpeXC5GkWRpcT11f5rNn41jviQsAYPyAqJ/0oVGETQLKPJtYbHNiMPlfLb0NTQ=="],

    "vscode-languageserver-protocol": ["vscode-languageserver-protocol@3.18.4", "https://registry.npmmirror.com/vscode-languageserver-protocol/-/vscode-languageserver-protocol-3.18.4.tgz", { "dependencies": { "vscode-jsonrpc": "9.0.3", "vscode-languageserver-types": "3.18.4" } }, "sha512-CCXbyr99dafRJzJH/0Ryk7ly5T8XPmSR0//OuF2w4m+9JiOin7zcAT5iET8GRE7Z9taFBejb3GbM0a0mbjdbrg=="],

    "vscode-languageserver-textdocument": ["vscode-languageserver-textdocument@1.0.15", "https://registry.npmmirror.com/vscode-languageserver-textdocument/-/vscode-languageserver-textdocument-1.0.15.tgz", {}, "sha512-Gsfr9S8LU3S6885cS+NaleasJ0n3V5y/SOTqHCifQiXWFw3G9w9/YItDfwHrlCz+dSZWWZ8ilYVMcJe7Sz7Sxw=="],

    "vscode-languageserver-types": ["vscode-languageserver-types@3.18.4", "https://registry.npmmirror.com/vscode-languageserver-types/-/vscode-languageserver-types-3.18.4.tgz", {}, "sha512-nQsacoiijvl0fRf2q28uFDrAVwRhdCa3QveiF7/CX0r18mLR5FU/1WskSsCKOjmEbtteKUnY8x8Yzxop+k0zwg=="],

    "wrap-ansi": ["wrap-ansi@9.0.2", "https://registry.npmmirror.com/wrap-ansi/-/wrap-ansi-9.0.2.tgz", { "dependencies": { "ansi-styles": "^6.2.1", "string-width": "^7.0.0", "strip-ansi": "^7.1.0" } }, "sha512-42AtmgqjV+X1VpdOfyTGOYRi0/zsoLqtXQckTmqTeybT+BDIbM/Guxo7x3pE2vtpr1ok6xRqM9OpBe+Jyoqyww=="],

    "y18n": ["y18n@5.0.8", "https://registry.npmmirror.com/y18n/-/y18n-5.0.8.tgz", {}, "sha512-0pfFzegeDWJHJIAmTLRP2DwHjdF5s7jo9tuztdQxAhINCdvS+3nGINqPd00AphqJR/0LhANUS6/+7SCb98YOfA=="],

    "yallist": ["yallist@5.0.0", "https://registry.npmmirror.com/yallist/-/yallist-5.0.0.tgz", {}, "sha512-YgvUTfwqyc7UXVMrB+SImsVYSmTS8X/tSrtdNZMImM+n7+QTriRXyXim0mBrTXNeqzVF0KWGgHPeiyViFFrNDw=="],

    "yaml": ["yaml@2.9.1", "https://registry.npmmirror.com/yaml/-/yaml-2.9.1.tgz", { "bin": { "yaml": "bin.mjs" } }, "sha512-3NxN8+78OdzbT7C/WjGsyfPAtJaN3FNDsWxv7Y7mcDsT/oOmgW8BpyQQFFBnvZE3j9Y2Sdz1ULFLezL7Eb2yFw=="],

    "yargs": ["yargs@18.2.0", "https://registry.npmmirror.com/yargs/-/yargs-18.2.0.tgz", { "dependencies": { "cliui": "^9.0.1", "escalade": "^3.1.1", "get-caller-file": "^2.0.5", "string-width": "^8.2.1", "y18n": "^5.0.5", "yargs-parser": "^22.0.0" } }, "sha512-9OpKOLeaoNFecEp7P6iYbzze/5CqWoH7N3SMs/6y1XF4nMvFMspEGZzJ6uFi9MmQwXhyzqYoSEKO3tvA3Z/o2w=="],

    "yargs-parser": ["yargs-parser@22.0.0", "https://registry.npmmirror.com/yargs-parser/-/yargs-parser-22.0.0.tgz", {}, "sha512-rwu/ClNdSMpkSrUb+d6BRsSkLUq1fmfsY6TOpYzTwvwkg1/NRG85KBy3kq++A8LKQwX6lsu+aWad+2khvuXrqw=="],

    "zod": ["zod@4.6.5", "https://registry.npmmirror.com/zod/-/zod-4.6.5.tgz", {}, "sha512-v5l/aFXZQeai4awLbOpSoHecE9UiMrnfx75tEXLjNonXVARxQ5mOeipTjROUchszUNCqnE+hqAMujRsRHsut2Q=="],

    "@scalar/json-schema-validator/@scalar/helpers": ["@scalar/helpers@0.16.2", "https://registry.npmmirror.com/@scalar/helpers/-/helpers-0.16.2.tgz", {}, "sha512-jHSF4KZI/EcVI7WhhgNyw9vvuVCXmwP4rkMXwcaZJjMg1tFPHSOWqIcq123CsUwCMR34SEBAGSJR+Eskrz+7Qg=="],

    "@scalar/json-schema-validator/@scalar/types": ["@scalar/types@0.23.1", "https://registry.npmmirror.com/@scalar/types/-/types-0.23.1.tgz", { "dependencies": { "@scalar/helpers": "0.16.2", "nanoid": "^5.1.6", "type-fest": "^5.8.0", "zod": "^4.4.3" } }, "sha512-AzExo7alI8gqLduVZNBW+4u4FpLPW2AkD/2OMEmr3LgcCbDRobRBDKFZ07A8+vemonJCLKxkq88yCx0cAw28vw=="],

    "@scalar/openapi-parser/@scalar/helpers": ["@scalar/helpers@0.16.2", "https://registry.npmmirror.com/@scalar/helpers/-/helpers-0.16.2.tgz", {}, "sha512-jHSF4KZI/EcVI7WhhgNyw9vvuVCXmwP4rkMXwcaZJjMg1tFPHSOWqIcq123CsUwCMR34SEBAGSJR+Eskrz+7Qg=="],

    "@scalar/openapi-parser/@scalar/json-magic": ["@scalar/json-magic@0.15.6", "https://registry.npmmirror.com/@scalar/json-magic/-/json-magic-0.15.6.tgz", { "dependencies": { "@scalar/helpers": "0.16.2", "pathe": "^2.0.3", "undici": "7.29.1", "yaml": "^2.9.0" } }, "sha512-rMCnkOtEnSolwHMFiOC4e97GBFfKOt3/4ba2Z4juVLTL0vCHs+Ei04Ofj5NBZUxOzjz1Ok2NqOt6ad0gIjpe7g=="],

    "@scalar/openapi-parser/@scalar/types": ["@scalar/types@0.23.1", "https://registry.npmmirror.com/@scalar/types/-/types-0.23.1.tgz", { "dependencies": { "@scalar/helpers": "0.16.2", "nanoid": "^5.1.6", "type-fest": "^5.8.0", "zod": "^4.4.3" } }, "sha512-AzExo7alI8gqLduVZNBW+4u4FpLPW2AkD/2OMEmr3LgcCbDRobRBDKFZ07A8+vemonJCLKxkq88yCx0cAw28vw=="],

    "@scalar/openapi-upgrader/@scalar/helpers": ["@scalar/helpers@0.16.2", "https://registry.npmmirror.com/@scalar/helpers/-/helpers-0.16.2.tgz", {}, "sha512-jHSF4KZI/EcVI7WhhgNyw9vvuVCXmwP4rkMXwcaZJjMg1tFPHSOWqIcq123CsUwCMR34SEBAGSJR+Eskrz+7Qg=="],

    "@scalar/openapi-validator/@scalar/helpers": ["@scalar/helpers@0.16.2", "https://registry.npmmirror.com/@scalar/helpers/-/helpers-0.16.2.tgz", {}, "sha512-jHSF4KZI/EcVI7WhhgNyw9vvuVCXmwP4rkMXwcaZJjMg1tFPHSOWqIcq123CsUwCMR34SEBAGSJR+Eskrz+7Qg=="],

    "@scalar/openapi-validator/@scalar/types": ["@scalar/types@0.23.1", "https://registry.npmmirror.com/@scalar/types/-/types-0.23.1.tgz", { "dependencies": { "@scalar/helpers": "0.16.2", "nanoid": "^5.1.6", "type-fest": "^5.8.0", "zod": "^4.4.3" } }, "sha512-AzExo7alI8gqLduVZNBW+4u4FpLPW2AkD/2OMEmr3LgcCbDRobRBDKFZ07A8+vemonJCLKxkq88yCx0cAw28vw=="],

    "@scalar/types/@scalar/helpers": ["@scalar/helpers@0.11.3", "https://registry.npmmirror.com/@scalar/helpers/-/helpers-0.11.3.tgz", {}, "sha512-4zPzuNTXObDUtZS93xzAoK83ddHDgBGifv/vKFe6bHqEl5i+IMLTTtEHOaaOZK4dusPEXcXsU5TBSaY/I6Mi+A=="],

    "cliui/string-width": ["string-width@7.2.0", "https://registry.npmmirror.com/string-width/-/string-width-7.2.0.tgz", { "dependencies": { "emoji-regex": "^10.3.0", "get-east-asian-width": "^1.0.0", "strip-ansi": "^7.1.0" } }, "sha512-tsaTIkKW9b4N+AEj+SVA+WhJzV7/zMhcSu78mLKWSk7cXMOSHsBKFWUs0fWwq8QyK3MgJBQRX6Gbi4kYbdvGkQ=="],

    "wrap-ansi/string-width": ["string-width@7.2.0", "https://registry.npmmirror.com/string-width/-/string-width-7.2.0.tgz", { "dependencies": { "emoji-regex": "^10.3.0", "get-east-asian-width": "^1.0.0", "strip-ansi": "^7.1.0" } }, "sha512-tsaTIkKW9b4N+AEj+SVA+WhJzV7/zMhcSu78mLKWSk7cXMOSHsBKFWUs0fWwq8QyK3MgJBQRX6Gbi4kYbdvGkQ=="],

    "@scalar/openapi-parser/@scalar/json-magic/undici": ["undici@7.29.1", "https://registry.npmmirror.com/undici/-/undici-7.29.1.tgz", {}, "sha512-RYONW2MeafgYlkVOKYKkA/Ag7BmXqgIWCa8t1m0JcxrQg9pI9lEqRhAOruOBCbAohOa/gkCF+iPi9hrgvTzu6Q=="],
  }
}
